PODS:
  - Alamofire (4.9.0)
  - Hero (1.4.0)
  - IGListKit (3.4.0):
    - IGListKit/Default (= 3.4.0)
  - IGListKit/Default (3.4.0):
    - IGListKit/Diffing
  - IGListKit/Diffing (3.4.0)
  - Moya (13.0.1):
    - Moya/Core (= 13.0.1)
  - Moya/Core (13.0.1):
    - Alamofire (~> 4.1)
    - Result (~> 4.1)
  - Result (4.1.0)

DEPENDENCIES:
  - Hero
  - IGListKit (~> 3.4.0)
  - Moya (~> 13.0)

SPEC REPOS:
  https://github.com/cocoapods/specs.git:
    - Alamofire
    - Hero
    - IGListKit
    - Moya
    - Result

SPEC CHECKSUMS:
  Alamofire: afc3e7c6db61476cb45cdd23fed06bad03bbc321
  Hero: bac92350d7201a1a940003e0767c7b52ce7c99a1
  IGListKit: 7a5d788e9fb746bcd402baa8e8b24bc3bd2a5a07
  Moya: f4a4b80ff2f8a4ffc208dfb31cd91636622fee6e
  Result: bd966fac789cc6c1563440b348ab2598cc24d5c7

PODFILE CHECKSUM: 662efd51e9a38c41750fb14ec47306d1d6cbae95

COCOAPODS: 1.7.5
