// !$*UTF8*$!
{
	archiveVersion = 1;
	classes = {
	};
	objectVersion = 51;
	objects = {

/* Begin PBXBuildFile section */
		7BA2FA71557E927011B7BE12 /* Pods_RickAndMortyApp.framework in Frameworks */ = {isa = PBXBuildFile; fileRef = CD7744973B193F7FB567C5E9 /* Pods_RickAndMortyApp.framework */; };
		8511916A2323D46700760E12 /* AppDelegate.swift in Sources */ = {isa = PBXBuildFile; fileRef = 851191692323D46700760E12 /* AppDelegate.swift */; };
		8511916C2323D46700760E12 /* ViewController.swift in Sources */ = {isa = PBXBuildFile; fileRef = 8511916B2323D46700760E12 /* ViewController.swift */; };
		8511916F2323D46700760E12 /* Main.storyboard in Resources */ = {isa = PBXBuildFile; fileRef = 8511916D2323D46700760E12 /* Main.storyboard */; };
		851191722323D46700760E12 /* RickAndMortyApp.xcdatamodeld in Sources */ = {isa = PBXBuildFile; fileRef = 851191702323D46700760E12 /* RickAndMortyApp.xcdatamodeld */; };
		851191742323D46800760E12 /* Assets.xcassets in Resources */ = {isa = PBXBuildFile; fileRef = 851191732323D46800760E12 /* Assets.xcassets */; };
		851191772323D46800760E12 /* LaunchScreen.storyboard in Resources */ = {isa = PBXBuildFile; fileRef = 851191752323D46800760E12 /* LaunchScreen.storyboard */; };
		851191802323D7E900760E12 /* Service.swift in Sources */ = {isa = PBXBuildFile; fileRef = 8511917F2323D7E900760E12 /* Service.swift */; };
		851191822323DA0700760E12 /* CharacterSampleData.json in Resources */ = {isa = PBXBuildFile; fileRef = 851191812323DA0700760E12 /* CharacterSampleData.json */; };
		851191862323DC0C00760E12 /* CoreDataManager.swift in Sources */ = {isa = PBXBuildFile; fileRef = 851191852323DC0C00760E12 /* CoreDataManager.swift */; };
		8511918E232410D400760E12 /* Character+CoreDataClass.swift in Sources */ = {isa = PBXBuildFile; fileRef = 8511918D232410D400760E12 /* Character+CoreDataClass.swift */; };
		8511918F232410D400760E12 /* Location+CoreDataProperties.swift in Sources */ = {isa = PBXBuildFile; fileRef = 8511918B232410D300760E12 /* Location+CoreDataProperties.swift */; };
		85119190232410D400760E12 /* Location+CoreDataClass.swift in Sources */ = {isa = PBXBuildFile; fileRef = 8511918C232410D300760E12 /* Location+CoreDataClass.swift */; };
		85119191232410D400760E12 /* Character+CoreDataProperties.swift in Sources */ = {isa = PBXBuildFile; fileRef = 8511918A232410D300760E12 /* Character+CoreDataProperties.swift */; };
		85119192232410D400760E12 /* Origin+CoreDataClass.swift in Sources */ = {isa = PBXBuildFile; fileRef = 85119188232410D300760E12 /* Origin+CoreDataClass.swift */; };
		85119193232410D400760E12 /* Origin+CoreDataProperties.swift in Sources */ = {isa = PBXBuildFile; fileRef = 85119189232410D300760E12 /* Origin+CoreDataProperties.swift */; };
/* End PBXBuildFile section */

/* Begin PBXFileReference section */
		1813DBAFB19625C74352EF94 /* Pods-RickAndMortyApp.release.xcconfig */ = {isa = PBXFileReference; includeInIndex = 1; lastKnownFileType = text.xcconfig; name = "Pods-RickAndMortyApp.release.xcconfig"; path = "Target Support Files/Pods-RickAndMortyApp/Pods-RickAndMortyApp.release.xcconfig"; sourceTree = "<group>"; };
		851191662323D46700760E12 /* RickAndMortyApp.app */ = {isa = PBXFileReference; explicitFileType = wrapper.application; includeInIndex = 0; path = RickAndMortyApp.app; sourceTree = BUILT_PRODUCTS_DIR; };
		851191692323D46700760E12 /* AppDelegate.swift */ = {isa = PBXFileReference; lastKnownFileType = sourcecode.swift; path = AppDelegate.swift; sourceTree = "<group>"; };
		8511916B2323D46700760E12 /* ViewController.swift */ = {isa = PBXFileReference; lastKnownFileType = sourcecode.swift; path = ViewController.swift; sourceTree = "<group>"; };
		8511916E2323D46700760E12 /* Base */ = {isa = PBXFileReference; lastKnownFileType = file.storyboard; name = Base; path = Base.lproj/Main.storyboard; sourceTree = "<group>"; };
		851191712323D46700760E12 /* RickAndMortyApp.xcdatamodel */ = {isa = PBXFileReference; lastKnownFileType = wrapper.xcdatamodel; path = RickAndMortyApp.xcdatamodel; sourceTree = "<group>"; };
		851191732323D46800760E12 /* Assets.xcassets */ = {isa = PBXFileReference; lastKnownFileType = folder.assetcatalog; path = Assets.xcassets; sourceTree = "<group>"; };
		851191762323D46800760E12 /* Base */ = {isa = PBXFileReference; lastKnownFileType = file.storyboard; name = Base; path = Base.lproj/LaunchScreen.storyboard; sourceTree = "<group>"; };
		851191782323D46800760E12 /* Info.plist */ = {isa = PBXFileReference; lastKnownFileType = text.plist.xml; path = Info.plist; sourceTree = "<group>"; };
		8511917F2323D7E900760E12 /* Service.swift */ = {isa = PBXFileReference; lastKnownFileType = sourcecode.swift; path = Service.swift; sourceTree = "<group>"; };
		851191812323DA0700760E12 /* CharacterSampleData.json */ = {isa = PBXFileReference; fileEncoding = 4; lastKnownFileType = text.json; path = CharacterSampleData.json; sourceTree = "<group>"; };
		851191852323DC0C00760E12 /* CoreDataManager.swift */ = {isa = PBXFileReference; lastKnownFileType = sourcecode.swift; path = CoreDataManager.swift; sourceTree = "<group>"; };
		85119188232410D300760E12 /* Origin+CoreDataClass.swift */ = {isa = PBXFileReference; lastKnownFileType = sourcecode.swift; name = "Origin+CoreDataClass.swift"; path = "/Users/hamza.a/GitLab/RickAndMortyApp/RickAndMortyApp/CoreData/Origin+CoreDataClass.swift"; sourceTree = "<absolute>"; };
		85119189232410D300760E12 /* Origin+CoreDataProperties.swift */ = {isa = PBXFileReference; lastKnownFileType = sourcecode.swift; name = "Origin+CoreDataProperties.swift"; path = "/Users/hamza.a/GitLab/RickAndMortyApp/RickAndMortyApp/CoreData/Origin+CoreDataProperties.swift"; sourceTree = "<absolute>"; };
		8511918A232410D300760E12 /* Character+CoreDataProperties.swift */ = {isa = PBXFileReference; lastKnownFileType = sourcecode.swift; name = "Character+CoreDataProperties.swift"; path = "/Users/hamza.a/GitLab/RickAndMortyApp/RickAndMortyApp/CoreData/Character+CoreDataProperties.swift"; sourceTree = "<absolute>"; };
		8511918B232410D300760E12 /* Location+CoreDataProperties.swift */ = {isa = PBXFileReference; lastKnownFileType = sourcecode.swift; name = "Location+CoreDataProperties.swift"; path = "/Users/hamza.a/GitLab/RickAndMortyApp/RickAndMortyApp/CoreData/Location+CoreDataProperties.swift"; sourceTree = "<absolute>"; };
		8511918C232410D300760E12 /* Location+CoreDataClass.swift */ = {isa = PBXFileReference; lastKnownFileType = sourcecode.swift; name = "Location+CoreDataClass.swift"; path = "/Users/hamza.a/GitLab/RickAndMortyApp/RickAndMortyApp/CoreData/Location+CoreDataClass.swift"; sourceTree = "<absolute>"; };
		8511918D232410D400760E12 /* Character+CoreDataClass.swift */ = {isa = PBXFileReference; lastKnownFileType = sourcecode.swift; name = "Character+CoreDataClass.swift"; path = "/Users/hamza.a/GitLab/RickAndMortyApp/RickAndMortyApp/CoreData/Character+CoreDataClass.swift"; sourceTree = "<absolute>"; };
		B2B16DFCD75528829389EF91 /* Pods-RickAndMortyApp.debug.xcconfig */ = {isa = PBXFileReference; includeInIndex = 1; lastKnownFileType = text.xcconfig; name = "Pods-RickAndMortyApp.debug.xcconfig"; path = "Target Support Files/Pods-RickAndMortyApp/Pods-RickAndMortyApp.debug.xcconfig"; sourceTree = "<group>"; };
		CD7744973B193F7FB567C5E9 /* Pods_RickAndMortyApp.framework */ = {isa = PBXFileReference; explicitFileType = wrapper.framework; includeInIndex = 0; path = Pods_RickAndMortyApp.framework; sourceTree = BUILT_PRODUCTS_DIR; };
/* End PBXFileReference section */

/* Begin PBXFrameworksBuildPhase section */
		851191632323D46700760E12 /* Frameworks */ = {
			isa = PBXFrameworksBuildPhase;
			buildActionMask = 2147483647;
			files = (
				7BA2FA71557E927011B7BE12 /* Pods_RickAndMortyApp.framework in Frameworks */,
			);
			runOnlyForDeploymentPostprocessing = 0;
		};
/* End PBXFrameworksBuildPhase section */

/* Begin PBXGroup section */
		1F9064F0C20AFFA00F5E3A66 /* Pods */ = {
			isa = PBXGroup;
			children = (
				B2B16DFCD75528829389EF91 /* Pods-RickAndMortyApp.debug.xcconfig */,
				1813DBAFB19625C74352EF94 /* Pods-RickAndMortyApp.release.xcconfig */,
			);
			path = Pods;
			sourceTree = "<group>";
		};
		8511915D2323D46700760E12 = {
			isa = PBXGroup;
			children = (
				851191682323D46700760E12 /* RickAndMortyApp */,
				851191672323D46700760E12 /* Products */,
				1F9064F0C20AFFA00F5E3A66 /* Pods */,
				D77EE49ECCA7551CF48AFDA0 /* Frameworks */,
			);
			sourceTree = "<group>";
		};
		851191672323D46700760E12 /* Products */ = {
			isa = PBXGroup;
			children = (
				851191662323D46700760E12 /* RickAndMortyApp.app */,
			);
			name = Products;
			sourceTree = "<group>";
		};
		851191682323D46700760E12 /* RickAndMortyApp */ = {
			isa = PBXGroup;
			children = (
				851191842323DBED00760E12 /* CoreData */,
				8511917E2323D73F00760E12 /* Service */,
				851191692323D46700760E12 /* AppDelegate.swift */,
				8511916B2323D46700760E12 /* ViewController.swift */,
				8511916D2323D46700760E12 /* Main.storyboard */,
				851191732323D46800760E12 /* Assets.xcassets */,
				851191752323D46800760E12 /* LaunchScreen.storyboard */,
				851191782323D46800760E12 /* Info.plist */,
			);
			path = RickAndMortyApp;
			sourceTree = "<group>";
		};
		8511917E2323D73F00760E12 /* Service */ = {
			isa = PBXGroup;
			children = (
				8511917F2323D7E900760E12 /* Service.swift */,
				851191812323DA0700760E12 /* CharacterSampleData.json */,
			);
			path = Service;
			sourceTree = "<group>";
		};
		851191842323DBED00760E12 /* CoreData */ = {
			isa = PBXGroup;
			children = (
				8511918D232410D400760E12 /* Character+CoreDataClass.swift */,
				8511918A232410D300760E12 /* Character+CoreDataProperties.swift */,
				8511918C232410D300760E12 /* Location+CoreDataClass.swift */,
				8511918B232410D300760E12 /* Location+CoreDataProperties.swift */,
				85119188232410D300760E12 /* Origin+CoreDataClass.swift */,
				85119189232410D300760E12 /* Origin+CoreDataProperties.swift */,
				851191702323D46700760E12 /* RickAndMortyApp.xcdatamodeld */,
				851191852323DC0C00760E12 /* CoreDataManager.swift */,
			);
			path = CoreData;
			sourceTree = "<group>";
		};
		D77EE49ECCA7551CF48AFDA0 /* Frameworks */ = {
			isa = PBXGroup;
			children = (
				CD7744973B193F7FB567C5E9 /* Pods_RickAndMortyApp.framework */,
			);
			name = Frameworks;
			sourceTree = "<group>";
		};
/* End PBXGroup section */

/* Begin PBXNativeTarget section */
		851191652323D46700760E12 /* RickAndMortyApp */ = {
			isa = PBXNativeTarget;
			buildConfigurationList = 8511917B2323D46800760E12 /* Build configuration list for PBXNativeTarget "RickAndMortyApp" */;
			buildPhases = (
				056E175FDB9ABBE081CDFC48 /* [CP] Check Pods Manifest.lock */,
				851191622323D46700760E12 /* Sources */,
				851191632323D46700760E12 /* Frameworks */,
				851191642323D46700760E12 /* Resources */,
				85527726687D60872F4BBB4C /* [CP] Embed Pods Frameworks */,
			);
			buildRules = (
			);
			dependencies = (
			);
			name = RickAndMortyApp;
			productName = RickAndMortyApp;
			productReference = 851191662323D46700760E12 /* RickAndMortyApp.app */;
			productType = "com.apple.product-type.application";
		};
/* End PBXNativeTarget section */

/* Begin PBXProject section */
		8511915E2323D46700760E12 /* Project object */ = {
			isa = PBXProject;
			attributes = {
				LastSwiftUpdateCheck = 1020;
				LastUpgradeCheck = 1020;
				ORGANIZATIONNAME = "Hamza Abdulilah";
				TargetAttributes = {
					851191652323D46700760E12 = {
						CreatedOnToolsVersion = 10.2.1;
					};
				};
			};
			buildConfigurationList = 851191612323D46700760E12 /* Build configuration list for PBXProject "RickAndMortyApp" */;
			compatibilityVersion = "Xcode 9.3";
			developmentRegion = en;
			hasScannedForEncodings = 0;
			knownRegions = (
				en,
				Base,
			);
			mainGroup = 8511915D2323D46700760E12;
			productRefGroup = 851191672323D46700760E12 /* Products */;
			projectDirPath = "";
			projectRoot = "";
			targets = (
				851191652323D46700760E12 /* RickAndMortyApp */,
			);
		};
/* End PBXProject section */

/* Begin PBXResourcesBuildPhase section */
		851191642323D46700760E12 /* Resources */ = {
			isa = PBXResourcesBuildPhase;
			buildActionMask = 2147483647;
			files = (
				851191772323D46800760E12 /* LaunchScreen.storyboard in Resources */,
				851191822323DA0700760E12 /* CharacterSampleData.json in Resources */,
				851191742323D46800760E12 /* Assets.xcassets in Resources */,
				8511916F2323D46700760E12 /* Main.storyboard in Resources */,
			);
			runOnlyForDeploymentPostprocessing = 0;
		};
/* End PBXResourcesBuildPhase section */

/* Begin PBXShellScriptBuildPhase section */
		056E175FDB9ABBE081CDFC48 /* [CP] Check Pods Manifest.lock */ = {
			isa = PBXShellScriptBuildPhase;
			buildActionMask = 2147483647;
			files = (
			);
			inputFileListPaths = (
			);
			inputPaths = (
				"${PODS_PODFILE_DIR_PATH}/Podfile.lock",
				"${PODS_ROOT}/Manifest.lock",
			);
			name = "[CP] Check Pods Manifest.lock";
			outputFileListPaths = (
			);
			outputPaths = (
				"$(DERIVED_FILE_DIR)/Pods-RickAndMortyApp-checkManifestLockResult.txt",
			);
			runOnlyForDeploymentPostprocessing = 0;
			shellPath = /bin/sh;
			shellScript = "diff \"${PODS_PODFILE_DIR_PATH}/Podfile.lock\" \"${PODS_ROOT}/Manifest.lock\" > /dev/null\nif [ $? != 0 ] ; then\n    # print error to STDERR\n    echo \"error: The sandbox is not in sync with the Podfile.lock. Run 'pod install' or update your CocoaPods installation.\" >&2\n    exit 1\nfi\n# This output is used by Xcode 'outputs' to avoid re-running this script phase.\necho \"SUCCESS\" > \"${SCRIPT_OUTPUT_FILE_0}\"\n";
			showEnvVarsInLog = 0;
		};
		85527726687D60872F4BBB4C /* [CP] Embed Pods Frameworks */ = {
			isa = PBXShellScriptBuildPhase;
			buildActionMask = 2147483647;
			files = (
			);
			inputFileListPaths = (
				"${PODS_ROOT}/Target Support Files/Pods-RickAndMortyApp/Pods-RickAndMortyApp-frameworks-${CONFIGURATION}-input-files.xcfilelist",
			);
			name = "[CP] Embed Pods Frameworks";
			outputFileListPaths = (
				"${PODS_ROOT}/Target Support Files/Pods-RickAndMortyApp/Pods-RickAndMortyApp-frameworks-${CONFIGURATION}-output-files.xcfilelist",
			);
			runOnlyForDeploymentPostprocessing = 0;
			shellPath = /bin/sh;
			shellScript = "\"${PODS_ROOT}/Target Support Files/Pods-RickAndMortyApp/Pods-RickAndMortyApp-frameworks.sh\"\n";
			showEnvVarsInLog = 0;
		};
/* End PBXShellScriptBuildPhase section */

/* Begin PBXSourcesBuildPhase section */
		851191622323D46700760E12 /* Sources */ = {
			isa = PBXSourcesBuildPhase;
			buildActionMask = 2147483647;
			files = (
				8511916C2323D46700760E12 /* ViewController.swift in Sources */,
				8511918F232410D400760E12 /* Location+CoreDataProperties.swift in Sources */,
				8511918E232410D400760E12 /* Character+CoreDataClass.swift in Sources */,
				85119192232410D400760E12 /* Origin+CoreDataClass.swift in Sources */,
				851191802323D7E900760E12 /* Service.swift in Sources */,
				85119193232410D400760E12 /* Origin+CoreDataProperties.swift in Sources */,
				85119190232410D400760E12 /* Location+CoreDataClass.swift in Sources */,
				85119191232410D400760E12 /* Character+CoreDataProperties.swift in Sources */,
				851191722323D46700760E12 /* RickAndMortyApp.xcdatamodeld in Sources */,
				851191862323DC0C00760E12 /* CoreDataManager.swift in Sources */,
				8511916A2323D46700760E12 /* AppDelegate.swift in Sources */,
			);
			runOnlyForDeploymentPostprocessing = 0;
		};
/* End PBXSourcesBuildPhase section */

/* Begin PBXVariantGroup section */
		8511916D2323D46700760E12 /* Main.storyboard */ = {
			isa = PBXVariantGroup;
			children = (
				8511916E2323D46700760E12 /* Base */,
			);
			name = Main.storyboard;
			sourceTree = "<group>";
		};
		851191752323D46800760E12 /* LaunchScreen.storyboard */ = {
			isa = PBXVariantGroup;
			children = (
				851191762323D46800760E12 /* Base */,
			);
			name = LaunchScreen.storyboard;
			sourceTree = "<group>";
		};
/* End PBXVariantGroup section */

/* Begin XCBuildConfiguration section */
		851191792323D46800760E12 /* Debug */ = {
			isa = XCBuildConfiguration;
			buildSettings = {
				ALWAYS_SEARCH_USER_PATHS = NO;
				CLANG_ANALYZER_NONNULL = YES;
				CLANG_ANALYZER_NUMBER_OBJECT_CONVERSION = YES_AGGRESSIVE;
				CLANG_CXX_LANGUAGE_STANDARD = "gnu++14";
				CLANG_CXX_LIBRARY = "libc++";
				CLANG_ENABLE_MODULES = YES;
				CLANG_ENABLE_OBJC_ARC = YES;
				CLANG_ENABLE_OBJC_WEAK = YES;
				CLANG_WARN_BLOCK_CAPTURE_AUTORELEASING = YES;
				CLANG_WARN_BOOL_CONVERSION = YES;
				CLANG_WARN_COMMA = YES;
				CLANG_WARN_CONSTANT_CONVERSION = YES;
				CLANG_WARN_DEPRECATED_OBJC_IMPLEMENTATIONS = YES;
				CLANG_WARN_DIRECT_OBJC_ISA_USAGE = YES_ERROR;
				CLANG_WARN_DOCUMENTATION_COMMENTS = YES;
				CLANG_WARN_EMPTY_BODY = YES;
				CLANG_WARN_ENUM_CONVERSION = YES;
				CLANG_WARN_INFINITE_RECURSION = YES;
				CLANG_WARN_INT_CONVERSION = YES;
				CLANG_WARN_NON_LITERAL_NULL_CONVERSION = YES;
				CLANG_WARN_OBJC_IMPLICIT_RETAIN_SELF = YES;
				CLANG_WARN_OBJC_LITERAL_CONVERSION = YES;
				CLANG_WARN_OBJC_ROOT_CLASS = YES_ERROR;
				CLANG_WARN_RANGE_LOOP_ANALYSIS = YES;
				CLANG_WARN_STRICT_PROTOTYPES = YES;
				CLANG_WARN_SUSPICIOUS_MOVE = YES;
				CLANG_WARN_UNGUARDED_AVAILABILITY = YES_AGGRESSIVE;
				CLANG_WARN_UNREACHABLE_CODE = YES;
				CLANG_WARN__DUPLICATE_METHOD_MATCH = YES;
				CODE_SIGN_IDENTITY = "iPhone Developer";
				COPY_PHASE_STRIP = NO;
				DEBUG_INFORMATION_FORMAT = dwarf;
				ENABLE_STRICT_OBJC_MSGSEND = YES;
				ENABLE_TESTABILITY = YES;
				GCC_C_LANGUAGE_STANDARD = gnu11;
				GCC_DYNAMIC_NO_PIC = NO;
				GCC_NO_COMMON_BLOCKS = YES;
				GCC_OPTIMIZATION_LEVEL = 0;
				GCC_PREPROCESSOR_DEFINITIONS = (
					"DEBUG=1",
					"$(inherited)",
				);
				GCC_WARN_64_TO_32_BIT_CONVERSION = YES;
				GCC_WARN_ABOUT_RETURN_TYPE = YES_ERROR;
				GCC_WARN_UNDECLARED_SELECTOR = YES;
				GCC_WARN_UNINITIALIZED_AUTOS = YES_AGGRESSIVE;
				GCC_WARN_UNUSED_FUNCTION = YES;
				GCC_WARN_UNUSED_VARIABLE = YES;
				IPHONEOS_DEPLOYMENT_TARGET = 12.2;
				MTL_ENABLE_DEBUG_INFO = INCLUDE_SOURCE;
				MTL_FAST_MATH = YES;
				ONLY_ACTIVE_ARCH = YES;
				SDKROOT = iphoneos;
				SWIFT_ACTIVE_COMPILATION_CONDITIONS = DEBUG;
				SWIFT_OPTIMIZATION_LEVEL = "-Onone";
			};
			name = Debug;
		};
		8511917A2323D46800760E12 /* Release */ = {
			isa = XCBuildConfiguration;
			buildSettings = {
				ALWAYS_SEARCH_USER_PATHS = NO;
				CLANG_ANALYZER_NONNULL = YES;
				CLANG_ANALYZER_NUMBER_OBJECT_CONVERSION = YES_AGGRESSIVE;
				CLANG_CXX_LANGUAGE_STANDARD = "gnu++14";
				CLANG_CXX_LIBRARY = "libc++";
				CLANG_ENABLE_MODULES = YES;
				CLANG_ENABLE_OBJC_ARC = YES;
				CLANG_ENABLE_OBJC_WEAK = YES;
				CLANG_WARN_BLOCK_CAPTURE_AUTORELEASING = YES;
				CLANG_WARN_BOOL_CONVERSION = YES;
				CLANG_WARN_COMMA = YES;
				CLANG_WARN_CONSTANT_CONVERSION = YES;
				CLANG_WARN_DEPRECATED_OBJC_IMPLEMENTATIONS = YES;
				CLANG_WARN_DIRECT_OBJC_ISA_USAGE = YES_ERROR;
				CLANG_WARN_DOCUMENTATION_COMMENTS = YES;
				CLANG_WARN_EMPTY_BODY = YES;
				CLANG_WARN_ENUM_CONVERSION = YES;
				CLANG_WARN_INFINITE_RECURSION = YES;
				CLANG_WARN_INT_CONVERSION = YES;
				CLANG_WARN_NON_LITERAL_NULL_CONVERSION = YES;
				CLANG_WARN_OBJC_IMPLICIT_RETAIN_SELF = YES;
				CLANG_WARN_OBJC_LITERAL_CONVERSION = YES;
				CLANG_WARN_OBJC_ROOT_CLASS = YES_ERROR;
				CLANG_WARN_RANGE_LOOP_ANALYSIS = YES;
				CLANG_WARN_STRICT_PROTOTYPES = YES;
				CLANG_WARN_SUSPICIOUS_MOVE = YES;
				CLANG_WARN_UNGUARDED_AVAILABILITY = YES_AGGRESSIVE;
				CLANG_WARN_UNREACHABLE_CODE = YES;
				CLANG_WARN__DUPLICATE_METHOD_MATCH = YES;
				CODE_SIGN_IDENTITY = "iPhone Developer";
				COPY_PHASE_STRIP = NO;
				DEBUG_INFORMATION_FORMAT = "dwarf-with-dsym";
				ENABLE_NS_ASSERTIONS = NO;
				ENABLE_STRICT_OBJC_MSGSEND = YES;
				GCC_C_LANGUAGE_STANDARD = gnu11;
				GCC_NO_COMMON_BLOCKS = YES;
				GCC_WARN_64_TO_32_BIT_CONVERSION = YES;
				GCC_WARN_ABOUT_RETURN_TYPE = YES_ERROR;
				GCC_WARN_UNDECLARED_SELECTOR = YES;
				GCC_WARN_UNINITIALIZED_AUTOS = YES_AGGRESSIVE;
				GCC_WARN_UNUSED_FUNCTION = YES;
				GCC_WARN_UNUSED_VARIABLE = YES;
				IPHONEOS_DEPLOYMENT_TARGET = 12.2;
				MTL_ENABLE_DEBUG_INFO = NO;
				MTL_FAST_MATH = YES;
				SDKROOT = iphoneos;
				SWIFT_COMPILATION_MODE = wholemodule;
				SWIFT_OPTIMIZATION_LEVEL = "-O";
				VALIDATE_PRODUCT = YES;
			};
			name = Release;
		};
		8511917C2323D46800760E12 /* Debug */ = {
			isa = XCBuildConfiguration;
			baseConfigurationReference = B2B16DFCD75528829389EF91 /* Pods-RickAndMortyApp.debug.xcconfig */;
			buildSettings = {
				ASSETCATALOG_COMPILER_APPICON_NAME = AppIcon;
				CODE_SIGN_STYLE = Automatic;
				DEVELOPMENT_TEAM = 6N8V263482;
				INFOPLIST_FILE = RickAndMortyApp/Info.plist;
				LD_RUNPATH_SEARCH_PATHS = (
					"$(inherited)",
					"@executable_path/Frameworks",
				);
				PRODUCT_BUNDLE_IDENTIFIER = Hamzawi.RickAndMortyApp;
				PRODUCT_NAME = "$(TARGET_NAME)";
				SWIFT_VERSION = 5.0;
				TARGETED_DEVICE_FAMILY = "1,2";
			};
			name = Debug;
		};
		8511917D2323D46800760E12 /* Release */ = {
			isa = XCBuildConfiguration;
			baseConfigurationReference = 1813DBAFB19625C74352EF94 /* Pods-RickAndMortyApp.release.xcconfig */;
			buildSettings = {
				ASSETCATALOG_COMPILER_APPICON_NAME = AppIcon;
				CODE_SIGN_STYLE = Automatic;
				DEVELOPMENT_TEAM = 6N8V263482;
				INFOPLIST_FILE = RickAndMortyApp/Info.plist;
				LD_RUNPATH_SEARCH_PATHS = (
					"$(inherited)",
					"@executable_path/Frameworks",
				);
				PRODUCT_BUNDLE_IDENTIFIER = Hamzawi.RickAndMortyApp;
				PRODUCT_NAME = "$(TARGET_NAME)";
				SWIFT_VERSION = 5.0;
				TARGETED_DEVICE_FAMILY = "1,2";
			};
			name = Release;
		};
/* End XCBuildConfiguration section */

/* Begin XCConfigurationList section */
		851191612323D46700760E12 /* Build configuration list for PBXProject "RickAndMortyApp" */ = {
			isa = XCConfigurationList;
			buildConfigurations = (
				851191792323D46800760E12 /* Debug */,
				8511917A2323D46800760E12 /* Release */,
			);
			defaultConfigurationIsVisible = 0;
			defaultConfigurationName = Release;
		};
		8511917B2323D46800760E12 /* Build configuration list for PBXNativeTarget "RickAndMortyApp" */ = {
			isa = XCConfigurationList;
			buildConfigurations = (
				8511917C2323D46800760E12 /* Debug */,
				8511917D2323D46800760E12 /* Release */,
			);
			defaultConfigurationIsVisible = 0;
			defaultConfigurationName = Release;
		};
/* End XCConfigurationList section */

/* Begin XCVersionGroup section */
		851191702323D46700760E12 /* RickAndMortyApp.xcdatamodeld */ = {
			isa = XCVersionGroup;
			children = (
				851191712323D46700760E12 /* RickAndMortyApp.xcdatamodel */,
			);
			currentVersion = 851191712323D46700760E12 /* RickAndMortyApp.xcdatamodel */;
			path = RickAndMortyApp.xcdatamodeld;
			sourceTree = "<group>";
			versionGroupType = wrapper.xcdatamodel;
		};
/* End XCVersionGroup section */
	};
	rootObject = 8511915E2323D46700760E12 /* Project object */;
}
