// !$*UTF8*$!
{
	archiveVersion = 1;
	classes = {
	};
	objectVersion = 51;
	objects = {

/* Begin PBXBuildFile section */
		7BA2FA71557E927011B7BE12 /* Pods_RickAndMortyApp.framework in Frameworks */ = {isa = PBXBuildFile; fileRef = CD7744973B193F7FB567C5E9 /* Pods_RickAndMortyApp.framework */; };
		8511916A2323D46700760E12 /* AppDelegate.swift in Sources */ = {isa = PBXBuildFile; fileRef = 851191692323D46700760E12 /* AppDelegate.swift */; };
		8511916C2323D46700760E12 /* CharacterTableViewController.swift in Sources */ = {isa = PBXBuildFile; fileRef = 8511916B2323D46700760E12 /* CharacterTableViewController.swift */; };
		8511916F2323D46700760E12 /* Main.storyboard in Resources */ = {isa = PBXBuildFile; fileRef = 8511916D2323D46700760E12 /* Main.storyboard */; };
		851191722323D46700760E12 /* RickAndMortyApp.xcdatamodeld in Sources */ = {isa = PBXBuildFile; fileRef = 851191702323D46700760E12 /* RickAndMortyApp.xcdatamodeld */; };
		851191742323D46800760E12 /* Assets.xcassets in Resources */ = {isa = PBXBuildFile; fileRef = 851191732323D46800760E12 /* Assets.xcassets */; };
		851191772323D46800760E12 /* LaunchScreen.storyboard in Resources */ = {isa = PBXBuildFile; fileRef = 851191752323D46800760E12 /* LaunchScreen.storyboard */; };
		851191802323D7E900760E12 /* Service.swift in Sources */ = {isa = PBXBuildFile; fileRef = 8511917F2323D7E900760E12 /* Service.swift */; };
		851191822323DA0700760E12 /* CharacterSampleData.json in Resources */ = {isa = PBXBuildFile; fileRef = 851191812323DA0700760E12 /* CharacterSampleData.json */; };
		851191862323DC0C00760E12 /* CoreDataManager.swift in Sources */ = {isa = PBXBuildFile; fileRef = 851191852323DC0C00760E12 /* CoreDataManager.swift */; };
		851191962324138100760E12 /* JSONConvertible.swift in Sources */ = {isa = PBXBuildFile; fileRef = 851191952324138100760E12 /* JSONConvertible.swift */; };
		85119198232413E500760E12 /* Networkable+Characters.swift in Sources */ = {isa = PBXBuildFile; fileRef = 85119197232413E500760E12 /* Networkable+Characters.swift */; };
		8511919C232417AE00760E12 /* JSONPlaceholders.swift in Sources */ = {isa = PBXBuildFile; fileRef = 8511919B232417AE00760E12 /* JSONPlaceholders.swift */; };
		8511919E2324188A00760E12 /* Info.swift in Sources */ = {isa = PBXBuildFile; fileRef = 8511919D2324188A00760E12 /* Info.swift */; };
		851191A123241B1D00760E12 /* NetworkingManager.swift in Sources */ = {isa = PBXBuildFile; fileRef = 851191A023241B1D00760E12 /* NetworkingManager.swift */; };
		851191C62327B0DB00760E12 /* Location+CoreDataProperties.swift in Sources */ = {isa = PBXBuildFile; fileRef = 851191C02327B0D900760E12 /* Location+CoreDataProperties.swift */; };
		851191C72327B0DB00760E12 /* Character+CoreDataProperties.swift in Sources */ = {isa = PBXBuildFile; fileRef = 851191C12327B0DA00760E12 /* Character+CoreDataProperties.swift */; };
		851191C82327B0DB00760E12 /* Origin+CoreDataClass.swift in Sources */ = {isa = PBXBuildFile; fileRef = 851191C22327B0DA00760E12 /* Origin+CoreDataClass.swift */; };
		851191C92327B0DB00760E12 /* Character+CoreDataClass.swift in Sources */ = {isa = PBXBuildFile; fileRef = 851191C32327B0DA00760E12 /* Character+CoreDataClass.swift */; };
		851191CA2327B0DB00760E12 /* Origin+CoreDataProperties.swift in Sources */ = {isa = PBXBuildFile; fileRef = 851191C42327B0DA00760E12 /* Origin+CoreDataProperties.swift */; };
		851191CB2327B0DB00760E12 /* Location+CoreDataClass.swift in Sources */ = {isa = PBXBuildFile; fileRef = 851191C52327B0DA00760E12 /* Location+CoreDataClass.swift */; };
		851F5A50232A45C700C59D49 /* Views.swift in Sources */ = {isa = PBXBuildFile; fileRef = 851F5A4F232A45C700C59D49 /* Views.swift */; };
		851F5A52232A486200C59D49 /* UIColor+Hex.swift in Sources */ = {isa = PBXBuildFile; fileRef = 851F5A51232A486200C59D49 /* UIColor+Hex.swift */; };
		851F5A55232A63FE00C59D49 /* Labels.swift in Sources */ = {isa = PBXBuildFile; fileRef = 851F5A54232A63FE00C59D49 /* Labels.swift */; };
		851F5A56232A671500C59D49 /* LCD_Solid.ttf in Resources */ = {isa = PBXBuildFile; fileRef = 851F5A53232A559600C59D49 /* LCD_Solid.ttf */; };
		851F5A58232A71FB00C59D49 /* CharacterCell.swift in Sources */ = {isa = PBXBuildFile; fileRef = 851F5A57232A71FB00C59D49 /* CharacterCell.swift */; };
		8532A23A2330E51B00BBA461 /* GetSchwifty.ttf in Resources */ = {isa = PBXBuildFile; fileRef = 8532A2392330E51A00BBA461 /* GetSchwifty.ttf */; };
		8532A2442331211B00BBA461 /* TestViewController.swift in Sources */ = {isa = PBXBuildFile; fileRef = 8532A2432331211B00BBA461 /* TestViewController.swift */; };
		8532A2462331244800BBA461 /* galaxy-orbit.json in Resources */ = {isa = PBXBuildFile; fileRef = 8532A2452331244800BBA461 /* galaxy-orbit.json */; };
		856B074A23551BEA0069A58E /* CharacterLocation.storyboard in Resources */ = {isa = PBXBuildFile; fileRef = 856B074923551BEA0069A58E /* CharacterLocation.storyboard */; };
		856B074C23551FF60069A58E /* CharacterLocationNavigator.swift in Sources */ = {isa = PBXBuildFile; fileRef = 856B074B23551FF60069A58E /* CharacterLocationNavigator.swift */; };
		858B681F2347C95D0040852D /* LocationSampleData.json in Resources */ = {isa = PBXBuildFile; fileRef = 858B681E2347C95C0040852D /* LocationSampleData.json */; };
		858B68212347CBFE0040852D /* LocationDetailsViewController.swift in Sources */ = {isa = PBXBuildFile; fileRef = 858B68202347CBFE0040852D /* LocationDetailsViewController.swift */; };
		858B6823234A9B0F0040852D /* ResidentsTableViewController.swift in Sources */ = {isa = PBXBuildFile; fileRef = 858B6822234A9B0F0040852D /* ResidentsTableViewController.swift */; };
		85D96AD72332BC1F009741E2 /* LoadingCell.swift in Sources */ = {isa = PBXBuildFile; fileRef = 85D96AD62332BC1F009741E2 /* LoadingCell.swift */; };
		85D96ADD23369F41009741E2 /* CustomTabBarController.swift in Sources */ = {isa = PBXBuildFile; fileRef = 85D96ADC23369F41009741E2 /* CustomTabBarController.swift */; };
		85D96ADF2336A91E009741E2 /* BaseTableViewController.swift in Sources */ = {isa = PBXBuildFile; fileRef = 85D96ADE2336A91E009741E2 /* BaseTableViewController.swift */; };
		85D96AE12337CD68009741E2 /* FavoriteTableViewController.swift in Sources */ = {isa = PBXBuildFile; fileRef = 85D96AE02337CD68009741E2 /* FavoriteTableViewController.swift */; };
		85D96AE92338B9E3009741E2 /* CharacterDetailsViewController.swift in Sources */ = {isa = PBXBuildFile; fileRef = 85D96AE82338B9E3009741E2 /* CharacterDetailsViewController.swift */; };
		85D96AEC2338BA41009741E2 /* CharacterDetails.storyboard in Resources */ = {isa = PBXBuildFile; fileRef = 85D96AEB2338BA41009741E2 /* CharacterDetails.storyboard */; };
		85D96AF1233969F7009741E2 /* CharacterDataSource.swift in Sources */ = {isa = PBXBuildFile; fileRef = 85D96AF0233969F7009741E2 /* CharacterDataSource.swift */; };
		85DE1867234CA0ED00FE432B /* Navigator.swift in Sources */ = {isa = PBXBuildFile; fileRef = 85DE1866234CA0ED00FE432B /* Navigator.swift */; };
		85DE186A234CA12A00FE432B /* CharacterNavigator.swift in Sources */ = {isa = PBXBuildFile; fileRef = 85DE1869234CA12A00FE432B /* CharacterNavigator.swift */; };
		85DE186C234CC29100FE432B /* CharacterDetailsNavigator.swift in Sources */ = {isa = PBXBuildFile; fileRef = 85DE186B234CC29100FE432B /* CharacterDetailsNavigator.swift */; };
/* End PBXBuildFile section */

/* Begin PBXFileReference section */
		1813DBAFB19625C74352EF94 /* Pods-RickAndMortyApp.release.xcconfig */ = {isa = PBXFileReference; includeInIndex = 1; lastKnownFileType = text.xcconfig; name = "Pods-RickAndMortyApp.release.xcconfig"; path = "Target Support Files/Pods-RickAndMortyApp/Pods-RickAndMortyApp.release.xcconfig"; sourceTree = "<group>"; };
		851191662323D46700760E12 /* RickAndMortyApp.app */ = {isa = PBXFileReference; explicitFileType = wrapper.application; includeInIndex = 0; path = RickAndMortyApp.app; sourceTree = BUILT_PRODUCTS_DIR; };
		851191692323D46700760E12 /* AppDelegate.swift */ = {isa = PBXFileReference; lastKnownFileType = sourcecode.swift; path = AppDelegate.swift; sourceTree = "<group>"; };
		8511916B2323D46700760E12 /* CharacterTableViewController.swift */ = {isa = PBXFileReference; lastKnownFileType = sourcecode.swift; path = CharacterTableViewController.swift; sourceTree = "<group>"; };
		8511916E2323D46700760E12 /* Base */ = {isa = PBXFileReference; lastKnownFileType = file.storyboard; name = Base; path = Base.lproj/Main.storyboard; sourceTree = "<group>"; };
		851191712323D46700760E12 /* RickAndMortyApp.xcdatamodel */ = {isa = PBXFileReference; lastKnownFileType = wrapper.xcdatamodel; path = RickAndMortyApp.xcdatamodel; sourceTree = "<group>"; };
		851191732323D46800760E12 /* Assets.xcassets */ = {isa = PBXFileReference; lastKnownFileType = folder.assetcatalog; path = Assets.xcassets; sourceTree = "<group>"; };
		851191762323D46800760E12 /* Base */ = {isa = PBXFileReference; lastKnownFileType = file.storyboard; name = Base; path = Base.lproj/LaunchScreen.storyboard; sourceTree = "<group>"; };
		851191782323D46800760E12 /* Info.plist */ = {isa = PBXFileReference; lastKnownFileType = text.plist.xml; path = Info.plist; sourceTree = "<group>"; };
		8511917F2323D7E900760E12 /* Service.swift */ = {isa = PBXFileReference; lastKnownFileType = sourcecode.swift; path = Service.swift; sourceTree = "<group>"; };
		851191812323DA0700760E12 /* CharacterSampleData.json */ = {isa = PBXFileReference; fileEncoding = 4; lastKnownFileType = text.json; path = CharacterSampleData.json; sourceTree = "<group>"; };
		851191852323DC0C00760E12 /* CoreDataManager.swift */ = {isa = PBXFileReference; lastKnownFileType = sourcecode.swift; path = CoreDataManager.swift; sourceTree = "<group>"; };
		851191952324138100760E12 /* JSONConvertible.swift */ = {isa = PBXFileReference; lastKnownFileType = sourcecode.swift; path = JSONConvertible.swift; sourceTree = "<group>"; };
		85119197232413E500760E12 /* Networkable+Characters.swift */ = {isa = PBXFileReference; lastKnownFileType = sourcecode.swift; path = "Networkable+Characters.swift"; sourceTree = "<group>"; };
		8511919B232417AE00760E12 /* JSONPlaceholders.swift */ = {isa = PBXFileReference; lastKnownFileType = sourcecode.swift; path = JSONPlaceholders.swift; sourceTree = "<group>"; };
		8511919D2324188A00760E12 /* Info.swift */ = {isa = PBXFileReference; lastKnownFileType = sourcecode.swift; path = Info.swift; sourceTree = "<group>"; };
		851191A023241B1D00760E12 /* NetworkingManager.swift */ = {isa = PBXFileReference; lastKnownFileType = sourcecode.swift; path = NetworkingManager.swift; sourceTree = "<group>"; };
		851191C02327B0D900760E12 /* Location+CoreDataProperties.swift */ = {isa = PBXFileReference; fileEncoding = 4; lastKnownFileType = sourcecode.swift; path = "Location+CoreDataProperties.swift"; sourceTree = "<group>"; };
		851191C12327B0DA00760E12 /* Character+CoreDataProperties.swift */ = {isa = PBXFileReference; fileEncoding = 4; lastKnownFileType = sourcecode.swift; path = "Character+CoreDataProperties.swift"; sourceTree = "<group>"; };
		851191C22327B0DA00760E12 /* Origin+CoreDataClass.swift */ = {isa = PBXFileReference; fileEncoding = 4; lastKnownFileType = sourcecode.swift; path = "Origin+CoreDataClass.swift"; sourceTree = "<group>"; };
		851191C32327B0DA00760E12 /* Character+CoreDataClass.swift */ = {isa = PBXFileReference; fileEncoding = 4; lastKnownFileType = sourcecode.swift; path = "Character+CoreDataClass.swift"; sourceTree = "<group>"; };
		851191C42327B0DA00760E12 /* Origin+CoreDataProperties.swift */ = {isa = PBXFileReference; fileEncoding = 4; lastKnownFileType = sourcecode.swift; path = "Origin+CoreDataProperties.swift"; sourceTree = "<group>"; };
		851191C52327B0DA00760E12 /* Location+CoreDataClass.swift */ = {isa = PBXFileReference; fileEncoding = 4; lastKnownFileType = sourcecode.swift; path = "Location+CoreDataClass.swift"; sourceTree = "<group>"; };
		851F5A4F232A45C700C59D49 /* Views.swift */ = {isa = PBXFileReference; lastKnownFileType = sourcecode.swift; path = Views.swift; sourceTree = "<group>"; };
		851F5A51232A486200C59D49 /* UIColor+Hex.swift */ = {isa = PBXFileReference; lastKnownFileType = sourcecode.swift; path = "UIColor+Hex.swift"; sourceTree = "<group>"; };
		851F5A53232A559600C59D49 /* LCD_Solid.ttf */ = {isa = PBXFileReference; lastKnownFileType = file; path = LCD_Solid.ttf; sourceTree = "<group>"; };
		851F5A54232A63FE00C59D49 /* Labels.swift */ = {isa = PBXFileReference; lastKnownFileType = sourcecode.swift; path = Labels.swift; sourceTree = "<group>"; };
		851F5A57232A71FB00C59D49 /* CharacterCell.swift */ = {isa = PBXFileReference; lastKnownFileType = sourcecode.swift; path = CharacterCell.swift; sourceTree = "<group>"; };
		8532A2392330E51A00BBA461 /* GetSchwifty.ttf */ = {isa = PBXFileReference; lastKnownFileType = file; path = GetSchwifty.ttf; sourceTree = "<group>"; };
		8532A2432331211B00BBA461 /* TestViewController.swift */ = {isa = PBXFileReference; lastKnownFileType = sourcecode.swift; path = TestViewController.swift; sourceTree = "<group>"; };
		8532A2452331244800BBA461 /* galaxy-orbit.json */ = {isa = PBXFileReference; fileEncoding = 4; lastKnownFileType = text.json; path = "galaxy-orbit.json"; sourceTree = "<group>"; };
		856B074923551BEA0069A58E /* CharacterLocation.storyboard */ = {isa = PBXFileReference; lastKnownFileType = file.storyboard; path = CharacterLocation.storyboard; sourceTree = "<group>"; };
		856B074B23551FF60069A58E /* CharacterLocationNavigator.swift */ = {isa = PBXFileReference; lastKnownFileType = sourcecode.swift; path = CharacterLocationNavigator.swift; sourceTree = "<group>"; };
		858B681E2347C95C0040852D /* LocationSampleData.json */ = {isa = PBXFileReference; fileEncoding = 4; lastKnownFileType = text.json; path = LocationSampleData.json; sourceTree = "<group>"; };
		858B68202347CBFE0040852D /* LocationDetailsViewController.swift */ = {isa = PBXFileReference; lastKnownFileType = sourcecode.swift; path = LocationDetailsViewController.swift; sourceTree = "<group>"; };
		858B6822234A9B0F0040852D /* ResidentsTableViewController.swift */ = {isa = PBXFileReference; lastKnownFileType = sourcecode.swift; path = ResidentsTableViewController.swift; sourceTree = "<group>"; };
		85D96AD62332BC1F009741E2 /* LoadingCell.swift */ = {isa = PBXFileReference; lastKnownFileType = sourcecode.swift; path = LoadingCell.swift; sourceTree = "<group>"; };
		85D96ADC23369F41009741E2 /* CustomTabBarController.swift */ = {isa = PBXFileReference; lastKnownFileType = sourcecode.swift; path = CustomTabBarController.swift; sourceTree = "<group>"; };
		85D96ADE2336A91E009741E2 /* BaseTableViewController.swift */ = {isa = PBXFileReference; lastKnownFileType = sourcecode.swift; path = BaseTableViewController.swift; sourceTree = "<group>"; };
		85D96AE02337CD68009741E2 /* FavoriteTableViewController.swift */ = {isa = PBXFileReference; lastKnownFileType = sourcecode.swift; path = FavoriteTableViewController.swift; sourceTree = "<group>"; };
		85D96AE82338B9E3009741E2 /* CharacterDetailsViewController.swift */ = {isa = PBXFileReference; lastKnownFileType = sourcecode.swift; path = CharacterDetailsViewController.swift; sourceTree = "<group>"; };
		85D96AEB2338BA41009741E2 /* CharacterDetails.storyboard */ = {isa = PBXFileReference; lastKnownFileType = file.storyboard; path = CharacterDetails.storyboard; sourceTree = "<group>"; };
		85D96AF0233969F7009741E2 /* CharacterDataSource.swift */ = {isa = PBXFileReference; lastKnownFileType = sourcecode.swift; path = CharacterDataSource.swift; sourceTree = "<group>"; };
		85DE1866234CA0ED00FE432B /* Navigator.swift */ = {isa = PBXFileReference; lastKnownFileType = sourcecode.swift; path = Navigator.swift; sourceTree = "<group>"; };
		85DE1869234CA12A00FE432B /* CharacterNavigator.swift */ = {isa = PBXFileReference; lastKnownFileType = sourcecode.swift; path = CharacterNavigator.swift; sourceTree = "<group>"; };
		85DE186B234CC29100FE432B /* CharacterDetailsNavigator.swift */ = {isa = PBXFileReference; lastKnownFileType = sourcecode.swift; path = CharacterDetailsNavigator.swift; sourceTree = "<group>"; };
		B2B16DFCD75528829389EF91 /* Pods-RickAndMortyApp.debug.xcconfig */ = {isa = PBXFileReference; includeInIndex = 1; lastKnownFileType = text.xcconfig; name = "Pods-RickAndMortyApp.debug.xcconfig"; path = "Target Support Files/Pods-RickAndMortyApp/Pods-RickAndMortyApp.debug.xcconfig"; sourceTree = "<group>"; };
		CD7744973B193F7FB567C5E9 /* Pods_RickAndMortyApp.framework */ = {isa = PBXFileReference; explicitFileType = wrapper.framework; includeInIndex = 0; path = Pods_RickAndMortyApp.framework; sourceTree = BUILT_PRODUCTS_DIR; };
/* End PBXFileReference section */

/* Begin PBXFrameworksBuildPhase section */
		851191632323D46700760E12 /* Frameworks */ = {
			isa = PBXFrameworksBuildPhase;
			buildActionMask = 2147483647;
			files = (
				7BA2FA71557E927011B7BE12 /* Pods_RickAndMortyApp.framework in Frameworks */,
			);
			runOnlyForDeploymentPostprocessing = 0;
		};
/* End PBXFrameworksBuildPhase section */

/* Begin PBXGroup section */
		1F9064F0C20AFFA00F5E3A66 /* Pods */ = {
			isa = PBXGroup;
			children = (
				B2B16DFCD75528829389EF91 /* Pods-RickAndMortyApp.debug.xcconfig */,
				1813DBAFB19625C74352EF94 /* Pods-RickAndMortyApp.release.xcconfig */,
			);
			path = Pods;
			sourceTree = "<group>";
		};
		8511915D2323D46700760E12 = {
			isa = PBXGroup;
			children = (
				851191682323D46700760E12 /* RickAndMortyApp */,
				851191672323D46700760E12 /* Products */,
				1F9064F0C20AFFA00F5E3A66 /* Pods */,
				D77EE49ECCA7551CF48AFDA0 /* Frameworks */,
			);
			sourceTree = "<group>";
		};
		851191672323D46700760E12 /* Products */ = {
			isa = PBXGroup;
			children = (
				851191662323D46700760E12 /* RickAndMortyApp.app */,
			);
			name = Products;
			sourceTree = "<group>";
		};
		851191682323D46700760E12 /* RickAndMortyApp */ = {
			isa = PBXGroup;
			children = (
				85D96ADB23369EC3009741E2 /* Controllers */,
				85D96AEF233969C3009741E2 /* DataSources */,
				85D96AE22337CDDD009741E2 /* Extensions */,
				8511919F23241AC300760E12 /* Managers */,
				851191A42327A94800760E12 /* Model */,
				85DE1868234CA11700FE432B /* Navigators */,
				851191942324136600760E12 /* Protocols */,
				8511917E2323D73F00760E12 /* Service */,
				85D96AEA2338BA05009741E2 /* Storyboards */,
				851F5A4E232A448100C59D49 /* User Interface */,
				851191692323D46700760E12 /* AppDelegate.swift */,
				851191732323D46800760E12 /* Assets.xcassets */,
				851191782323D46800760E12 /* Info.plist */,
				851F5A53232A559600C59D49 /* LCD_Solid.ttf */,
				8532A2392330E51A00BBA461 /* GetSchwifty.ttf */,
				8532A2452331244800BBA461 /* galaxy-orbit.json */,
				8532A2432331211B00BBA461 /* TestViewController.swift */,
			);
			path = RickAndMortyApp;
			sourceTree = "<group>";
		};
		8511917E2323D73F00760E12 /* Service */ = {
			isa = PBXGroup;
			children = (
				8511917F2323D7E900760E12 /* Service.swift */,
				858B681E2347C95C0040852D /* LocationSampleData.json */,
				851191812323DA0700760E12 /* CharacterSampleData.json */,
			);
			path = Service;
			sourceTree = "<group>";
		};
		851191942324136600760E12 /* Protocols */ = {
			isa = PBXGroup;
			children = (
				851191952324138100760E12 /* JSONConvertible.swift */,
				85119197232413E500760E12 /* Networkable+Characters.swift */,
				85DE1866234CA0ED00FE432B /* Navigator.swift */,
			);
			path = Protocols;
			sourceTree = "<group>";
		};
		8511919F23241AC300760E12 /* Managers */ = {
			isa = PBXGroup;
			children = (
				851191852323DC0C00760E12 /* CoreDataManager.swift */,
				851191A023241B1D00760E12 /* NetworkingManager.swift */,
			);
			path = Managers;
			sourceTree = "<group>";
		};
		851191A42327A94800760E12 /* Model */ = {
			isa = PBXGroup;
			children = (
				851191A52327A96800760E12 /* Core Data */,
				851191A62327A99C00760E12 /* JSONPlaceholders */,
				8511919D2324188A00760E12 /* Info.swift */,
			);
			path = Model;
			sourceTree = "<group>";
		};
		851191A52327A96800760E12 /* Core Data */ = {
			isa = PBXGroup;
			children = (
				851191C52327B0DA00760E12 /* Location+CoreDataClass.swift */,
				851191C02327B0D900760E12 /* Location+CoreDataProperties.swift */,
				851191C32327B0DA00760E12 /* Character+CoreDataClass.swift */,
				851191C12327B0DA00760E12 /* Character+CoreDataProperties.swift */,
				851191C22327B0DA00760E12 /* Origin+CoreDataClass.swift */,
				851191C42327B0DA00760E12 /* Origin+CoreDataProperties.swift */,
				851191702323D46700760E12 /* RickAndMortyApp.xcdatamodeld */,
			);
			path = "Core Data";
			sourceTree = "<group>";
		};
		851191A62327A99C00760E12 /* JSONPlaceholders */ = {
			isa = PBXGroup;
			children = (
				8511919B232417AE00760E12 /* JSONPlaceholders.swift */,
			);
			path = JSONPlaceholders;
			sourceTree = "<group>";
		};
		851F5A4E232A448100C59D49 /* User Interface */ = {
			isa = PBXGroup;
			children = (
				85D96ADA2333697F009741E2 /* Cells */,
				851F5A4F232A45C700C59D49 /* Views.swift */,
				851F5A54232A63FE00C59D49 /* Labels.swift */,
				851F5A51232A486200C59D49 /* UIColor+Hex.swift */,
			);
			path = "User Interface";
			sourceTree = "<group>";
		};
		85D96ADA2333697F009741E2 /* Cells */ = {
			isa = PBXGroup;
			children = (
				851F5A57232A71FB00C59D49 /* CharacterCell.swift */,
				85D96AD62332BC1F009741E2 /* LoadingCell.swift */,
			);
			path = Cells;
			sourceTree = "<group>";
		};
		85D96ADB23369EC3009741E2 /* Controllers */ = {
			isa = PBXGroup;
			children = (
				85D96ADE2336A91E009741E2 /* BaseTableViewController.swift */,
				8511916B2323D46700760E12 /* CharacterTableViewController.swift */,
				85D96AE82338B9E3009741E2 /* CharacterDetailsViewController.swift */,
				85D96ADC23369F41009741E2 /* CustomTabBarController.swift */,
				85D96AE02337CD68009741E2 /* FavoriteTableViewController.swift */,
				858B68202347CBFE0040852D /* LocationDetailsViewController.swift */,
				858B6822234A9B0F0040852D /* ResidentsTableViewController.swift */,
			);
			path = Controllers;
			sourceTree = "<group>";
		};
		85D96AE22337CDDD009741E2 /* Extensions */ = {
			isa = PBXGroup;
			children = (
			);
			path = Extensions;
			sourceTree = "<group>";
		};
		85D96AEA2338BA05009741E2 /* Storyboards */ = {
			isa = PBXGroup;
			children = (
				851191752323D46800760E12 /* LaunchScreen.storyboard */,
				85D96AEB2338BA41009741E2 /* CharacterDetails.storyboard */,
				856B074923551BEA0069A58E /* CharacterLocation.storyboard */,
				8511916D2323D46700760E12 /* Main.storyboard */,
			);
			path = Storyboards;
			sourceTree = "<group>";
		};
		85D96AEF233969C3009741E2 /* DataSources */ = {
			isa = PBXGroup;
			children = (
				85D96AF0233969F7009741E2 /* CharacterDataSource.swift */,
			);
			path = DataSources;
			sourceTree = "<group>";
		};
		85DE1868234CA11700FE432B /* Navigators */ = {
			isa = PBXGroup;
			children = (
				85DE1869234CA12A00FE432B /* CharacterNavigator.swift */,
				85DE186B234CC29100FE432B /* CharacterDetailsNavigator.swift */,
				856B074B23551FF60069A58E /* CharacterLocationNavigator.swift */,
			);
			path = Navigators;
			sourceTree = "<group>";
		};
		D77EE49ECCA7551CF48AFDA0 /* Frameworks */ = {
			isa = PBXGroup;
			children = (
				CD7744973B193F7FB567C5E9 /* Pods_RickAndMortyApp.framework */,
			);
			name = Frameworks;
			sourceTree = "<group>";
		};
/* End PBXGroup section */

/* Begin PBXNativeTarget section */
		851191652323D46700760E12 /* RickAndMortyApp */ = {
			isa = PBXNativeTarget;
			buildConfigurationList = 8511917B2323D46800760E12 /* Build configuration list for PBXNativeTarget "RickAndMortyApp" */;
			buildPhases = (
				056E175FDB9ABBE081CDFC48 /* [CP] Check Pods Manifest.lock */,
				851191622323D46700760E12 /* Sources */,
				851191632323D46700760E12 /* Frameworks */,
				851191642323D46700760E12 /* Resources */,
				85527726687D60872F4BBB4C /* [CP] Embed Pods Frameworks */,
			);
			buildRules = (
			);
			dependencies = (
			);
			name = RickAndMortyApp;
			productName = RickAndMortyApp;
			productReference = 851191662323D46700760E12 /* RickAndMortyApp.app */;
			productType = "com.apple.product-type.application";
		};
/* End PBXNativeTarget section */

/* Begin PBXProject section */
		8511915E2323D46700760E12 /* Project object */ = {
			isa = PBXProject;
			attributes = {
				LastSwiftUpdateCheck = 1020;
				LastUpgradeCheck = 1020;
				ORGANIZATIONNAME = "Hamza Abdulilah";
				TargetAttributes = {
					851191652323D46700760E12 = {
						CreatedOnToolsVersion = 10.2.1;
					};
				};
			};
			buildConfigurationList = 851191612323D46700760E12 /* Build configuration list for PBXProject "RickAndMortyApp" */;
			compatibilityVersion = "Xcode 9.3";
			developmentRegion = en;
			hasScannedForEncodings = 0;
			knownRegions = (
				en,
				Base,
			);
			mainGroup = 8511915D2323D46700760E12;
			productRefGroup = 851191672323D46700760E12 /* Products */;
			projectDirPath = "";
			projectRoot = "";
			targets = (
				851191652323D46700760E12 /* RickAndMortyApp */,
			);
		};
/* End PBXProject section */

/* Begin PBXResourcesBuildPhase section */
		851191642323D46700760E12 /* Resources */ = {
			isa = PBXResourcesBuildPhase;
			buildActionMask = 2147483647;
			files = (
				858B681F2347C95D0040852D /* LocationSampleData.json in Resources */,
				851191772323D46800760E12 /* LaunchScreen.storyboard in Resources */,
				851191822323DA0700760E12 /* CharacterSampleData.json in Resources */,
				8532A2462331244800BBA461 /* galaxy-orbit.json in Resources */,
				851F5A56232A671500C59D49 /* LCD_Solid.ttf in Resources */,
				856B074A23551BEA0069A58E /* CharacterLocation.storyboard in Resources */,
				851191742323D46800760E12 /* Assets.xcassets in Resources */,
				85D96AEC2338BA41009741E2 /* CharacterDetails.storyboard in Resources */,
				8532A23A2330E51B00BBA461 /* GetSchwifty.ttf in Resources */,
				8511916F2323D46700760E12 /* Main.storyboard in Resources */,
			);
			runOnlyForDeploymentPostprocessing = 0;
		};
/* End PBXResourcesBuildPhase section */

/* Begin PBXShellScriptBuildPhase section */
		056E175FDB9ABBE081CDFC48 /* [CP] Check Pods Manifest.lock */ = {
			isa = PBXShellScriptBuildPhase;
			buildActionMask = 2147483647;
			files = (
			);
			inputFileListPaths = (
			);
			inputPaths = (
				"${PODS_PODFILE_DIR_PATH}/Podfile.lock",
				"${PODS_ROOT}/Manifest.lock",
			);
			name = "[CP] Check Pods Manifest.lock";
			outputFileListPaths = (
			);
			outputPaths = (
				"$(DERIVED_FILE_DIR)/Pods-RickAndMortyApp-checkManifestLockResult.txt",
			);
			runOnlyForDeploymentPostprocessing = 0;
			shellPath = /bin/sh;
			shellScript = "diff \"${PODS_PODFILE_DIR_PATH}/Podfile.lock\" \"${PODS_ROOT}/Manifest.lock\" > /dev/null\nif [ $? != 0 ] ; then\n    # print error to STDERR\n    echo \"error: The sandbox is not in sync with the Podfile.lock. Run 'pod install' or update your CocoaPods installation.\" >&2\n    exit 1\nfi\n# This output is used by Xcode 'outputs' to avoid re-running this script phase.\necho \"SUCCESS\" > \"${SCRIPT_OUTPUT_FILE_0}\"\n";
			showEnvVarsInLog = 0;
		};
		85527726687D60872F4BBB4C /* [CP] Embed Pods Frameworks */ = {
			isa = PBXShellScriptBuildPhase;
			buildActionMask = 2147483647;
			files = (
			);
			inputFileListPaths = (
				"${PODS_ROOT}/Target Support Files/Pods-RickAndMortyApp/Pods-RickAndMortyApp-frameworks-${CONFIGURATION}-input-files.xcfilelist",
			);
			name = "[CP] Embed Pods Frameworks";
			outputFileListPaths = (
				"${PODS_ROOT}/Target Support Files/Pods-RickAndMortyApp/Pods-RickAndMortyApp-frameworks-${CONFIGURATION}-output-files.xcfilelist",
			);
			runOnlyForDeploymentPostprocessing = 0;
			shellPath = /bin/sh;
			shellScript = "\"${PODS_ROOT}/Target Support Files/Pods-RickAndMortyApp/Pods-RickAndMortyApp-frameworks.sh\"\n";
			showEnvVarsInLog = 0;
		};
/* End PBXShellScriptBuildPhase section */

/* Begin PBXSourcesBuildPhase section */
		851191622323D46700760E12 /* Sources */ = {
			isa = PBXSourcesBuildPhase;
			buildActionMask = 2147483647;
			files = (
				858B68212347CBFE0040852D /* LocationDetailsViewController.swift in Sources */,
				851191CA2327B0DB00760E12 /* Origin+CoreDataProperties.swift in Sources */,
				8511916C2323D46700760E12 /* CharacterTableViewController.swift in Sources */,
				85DE186C234CC29100FE432B /* CharacterDetailsNavigator.swift in Sources */,
				8511919E2324188A00760E12 /* Info.swift in Sources */,
				851F5A58232A71FB00C59D49 /* CharacterCell.swift in Sources */,
				851191C62327B0DB00760E12 /* Location+CoreDataProperties.swift in Sources */,
				851191CB2327B0DB00760E12 /* Location+CoreDataClass.swift in Sources */,
				851191C92327B0DB00760E12 /* Character+CoreDataClass.swift in Sources */,
				8532A2442331211B00BBA461 /* TestViewController.swift in Sources */,
				851F5A55232A63FE00C59D49 /* Labels.swift in Sources */,
				858B6823234A9B0F0040852D /* ResidentsTableViewController.swift in Sources */,
				856B074C23551FF60069A58E /* CharacterLocationNavigator.swift in Sources */,
				85DE186A234CA12A00FE432B /* CharacterNavigator.swift in Sources */,
				85DE1867234CA0ED00FE432B /* Navigator.swift in Sources */,
				851191A123241B1D00760E12 /* NetworkingManager.swift in Sources */,
				851191802323D7E900760E12 /* Service.swift in Sources */,
				85D96ADD23369F41009741E2 /* CustomTabBarController.swift in Sources */,
				851F5A50232A45C700C59D49 /* Views.swift in Sources */,
				85D96AE92338B9E3009741E2 /* CharacterDetailsViewController.swift in Sources */,
				851191C72327B0DB00760E12 /* Character+CoreDataProperties.swift in Sources */,
				8511919C232417AE00760E12 /* JSONPlaceholders.swift in Sources */,
				85D96AD72332BC1F009741E2 /* LoadingCell.swift in Sources */,
				851191962324138100760E12 /* JSONConvertible.swift in Sources */,
				851191722323D46700760E12 /* RickAndMortyApp.xcdatamodeld in Sources */,
				85D96ADF2336A91E009741E2 /* BaseTableViewController.swift in Sources */,
				851F5A52232A486200C59D49 /* UIColor+Hex.swift in Sources */,
				85D96AE12337CD68009741E2 /* FavoriteTableViewController.swift in Sources */,
				851191862323DC0C00760E12 /* CoreDataManager.swift in Sources */,
				85119198232413E500760E12 /* Networkable+Characters.swift in Sources */,
				8511916A2323D46700760E12 /* AppDelegate.swift in Sources */,
				851191C82327B0DB00760E12 /* Origin+CoreDataClass.swift in Sources */,
				85D96AF1233969F7009741E2 /* CharacterDataSource.swift in Sources */,
			);
			runOnlyForDeploymentPostprocessing = 0;
		};
/* End PBXSourcesBuildPhase section */

/* Begin PBXVariantGroup section */
		8511916D2323D46700760E12 /* Main.storyboard */ = {
			isa = PBXVariantGroup;
			children = (
				8511916E2323D46700760E12 /* Base */,
			);
			name = Main.storyboard;
			sourceTree = "<group>";
		};
		851191752323D46800760E12 /* LaunchScreen.storyboard */ = {
			isa = PBXVariantGroup;
			children = (
				851191762323D46800760E12 /* Base */,
			);
			name = LaunchScreen.storyboard;
			sourceTree = "<group>";
		};
/* End PBXVariantGroup section */

/* Begin XCBuildConfiguration section */
		851191792323D46800760E12 /* Debug */ = {
			isa = XCBuildConfiguration;
			buildSettings = {
				ALWAYS_SEARCH_USER_PATHS = NO;
				CLANG_ANALYZER_NONNULL = YES;
				CLANG_ANALYZER_NUMBER_OBJECT_CONVERSION = YES_AGGRESSIVE;
				CLANG_CXX_LANGUAGE_STANDARD = "gnu++14";
				CLANG_CXX_LIBRARY = "libc++";
				CLANG_ENABLE_MODULES = YES;
				CLANG_ENABLE_OBJC_ARC = YES;
				CLANG_ENABLE_OBJC_WEAK = YES;
				CLANG_WARN_BLOCK_CAPTURE_AUTORELEASING = YES;
				CLANG_WARN_BOOL_CONVERSION = YES;
				CLANG_WARN_COMMA = YES;
				CLANG_WARN_CONSTANT_CONVERSION = YES;
				CLANG_WARN_DEPRECATED_OBJC_IMPLEMENTATIONS = YES;
				CLANG_WARN_DIRECT_OBJC_ISA_USAGE = YES_ERROR;
				CLANG_WARN_DOCUMENTATION_COMMENTS = YES;
				CLANG_WARN_EMPTY_BODY = YES;
				CLANG_WARN_ENUM_CONVERSION = YES;
				CLANG_WARN_INFINITE_RECURSION = YES;
				CLANG_WARN_INT_CONVERSION = YES;
				CLANG_WARN_NON_LITERAL_NULL_CONVERSION = YES;
				CLANG_WARN_OBJC_IMPLICIT_RETAIN_SELF = YES;
				CLANG_WARN_OBJC_LITERAL_CONVERSION = YES;
				CLANG_WARN_OBJC_ROOT_CLASS = YES_ERROR;
				CLANG_WARN_RANGE_LOOP_ANALYSIS = YES;
				CLANG_WARN_STRICT_PROTOTYPES = YES;
				CLANG_WARN_SUSPICIOUS_MOVE = YES;
				CLANG_WARN_UNGUARDED_AVAILABILITY = YES_AGGRESSIVE;
				CLANG_WARN_UNREACHABLE_CODE = YES;
				CLANG_WARN__DUPLICATE_METHOD_MATCH = YES;
				CODE_SIGN_IDENTITY = "iPhone Developer";
				COPY_PHASE_STRIP = NO;
				DEBUG_INFORMATION_FORMAT = dwarf;
				ENABLE_STRICT_OBJC_MSGSEND = YES;
				ENABLE_TESTABILITY = YES;
				GCC_C_LANGUAGE_STANDARD = gnu11;
				GCC_DYNAMIC_NO_PIC = NO;
				GCC_NO_COMMON_BLOCKS = YES;
				GCC_OPTIMIZATION_LEVEL = 0;
				GCC_PREPROCESSOR_DEFINITIONS = (
					"DEBUG=1",
					"$(inherited)",
				);
				GCC_WARN_64_TO_32_BIT_CONVERSION = YES;
				GCC_WARN_ABOUT_RETURN_TYPE = YES_ERROR;
				GCC_WARN_UNDECLARED_SELECTOR = YES;
				GCC_WARN_UNINITIALIZED_AUTOS = YES_AGGRESSIVE;
				GCC_WARN_UNUSED_FUNCTION = YES;
				GCC_WARN_UNUSED_VARIABLE = YES;
				IPHONEOS_DEPLOYMENT_TARGET = 12.2;
				MTL_ENABLE_DEBUG_INFO = INCLUDE_SOURCE;
				MTL_FAST_MATH = YES;
				ONLY_ACTIVE_ARCH = YES;
				SDKROOT = iphoneos;
				SWIFT_ACTIVE_COMPILATION_CONDITIONS = DEBUG;
				SWIFT_OPTIMIZATION_LEVEL = "-Onone";
			};
			name = Debug;
		};
		8511917A2323D46800760E12 /* Release */ = {
			isa = XCBuildConfiguration;
			buildSettings = {
				ALWAYS_SEARCH_USER_PATHS = NO;
				CLANG_ANALYZER_NONNULL = YES;
				CLANG_ANALYZER_NUMBER_OBJECT_CONVERSION = YES_AGGRESSIVE;
				CLANG_CXX_LANGUAGE_STANDARD = "gnu++14";
				CLANG_CXX_LIBRARY = "libc++";
				CLANG_ENABLE_MODULES = YES;
				CLANG_ENABLE_OBJC_ARC = YES;
				CLANG_ENABLE_OBJC_WEAK = YES;
				CLANG_WARN_BLOCK_CAPTURE_AUTORELEASING = YES;
				CLANG_WARN_BOOL_CONVERSION = YES;
				CLANG_WARN_COMMA = YES;
				CLANG_WARN_CONSTANT_CONVERSION = YES;
				CLANG_WARN_DEPRECATED_OBJC_IMPLEMENTATIONS = YES;
				CLANG_WARN_DIRECT_OBJC_ISA_USAGE = YES_ERROR;
				CLANG_WARN_DOCUMENTATION_COMMENTS = YES;
				CLANG_WARN_EMPTY_BODY = YES;
				CLANG_WARN_ENUM_CONVERSION = YES;
				CLANG_WARN_INFINITE_RECURSION = YES;
				CLANG_WARN_INT_CONVERSION = YES;
				CLANG_WARN_NON_LITERAL_NULL_CONVERSION = YES;
				CLANG_WARN_OBJC_IMPLICIT_RETAIN_SELF = YES;
				CLANG_WARN_OBJC_LITERAL_CONVERSION = YES;
				CLANG_WARN_OBJC_ROOT_CLASS = YES_ERROR;
				CLANG_WARN_RANGE_LOOP_ANALYSIS = YES;
				CLANG_WARN_STRICT_PROTOTYPES = YES;
				CLANG_WARN_SUSPICIOUS_MOVE = YES;
				CLANG_WARN_UNGUARDED_AVAILABILITY = YES_AGGRESSIVE;
				CLANG_WARN_UNREACHABLE_CODE = YES;
				CLANG_WARN__DUPLICATE_METHOD_MATCH = YES;
				CODE_SIGN_IDENTITY = "iPhone Developer";
				COPY_PHASE_STRIP = NO;
				DEBUG_INFORMATION_FORMAT = "dwarf-with-dsym";
				ENABLE_NS_ASSERTIONS = NO;
				ENABLE_STRICT_OBJC_MSGSEND = YES;
				GCC_C_LANGUAGE_STANDARD = gnu11;
				GCC_NO_COMMON_BLOCKS = YES;
				GCC_WARN_64_TO_32_BIT_CONVERSION = YES;
				GCC_WARN_ABOUT_RETURN_TYPE = YES_ERROR;
				GCC_WARN_UNDECLARED_SELECTOR = YES;
				GCC_WARN_UNINITIALIZED_AUTOS = YES_AGGRESSIVE;
				GCC_WARN_UNUSED_FUNCTION = YES;
				GCC_WARN_UNUSED_VARIABLE = YES;
				IPHONEOS_DEPLOYMENT_TARGET = 12.2;
				MTL_ENABLE_DEBUG_INFO = NO;
				MTL_FAST_MATH = YES;
				SDKROOT = iphoneos;
				SWIFT_COMPILATION_MODE = wholemodule;
				SWIFT_OPTIMIZATION_LEVEL = "-O";
				VALIDATE_PRODUCT = YES;
			};
			name = Release;
		};
		8511917C2323D46800760E12 /* Debug */ = {
			isa = XCBuildConfiguration;
			baseConfigurationReference = B2B16DFCD75528829389EF91 /* Pods-RickAndMortyApp.debug.xcconfig */;
			buildSettings = {
				ASSETCATALOG_COMPILER_APPICON_NAME = AppIcon;
				CODE_SIGN_STYLE = Automatic;
				DEVELOPMENT_TEAM = 5J9V6AP2FM;
				INFOPLIST_FILE = RickAndMortyApp/Info.plist;
				IPHONEOS_DEPLOYMENT_TARGET = 13.0;
				LD_RUNPATH_SEARCH_PATHS = (
					"$(inherited)",
					"@executable_path/Frameworks",
				);
				PRODUCT_BUNDLE_IDENTIFIER = Hamzawi.RickAndMortyApp;
				PRODUCT_NAME = "$(TARGET_NAME)";
				SWIFT_VERSION = 5.0;
				TARGETED_DEVICE_FAMILY = "1,2";
			};
			name = Debug;
		};
		8511917D2323D46800760E12 /* Release */ = {
			isa = XCBuildConfiguration;
			baseConfigurationReference = 1813DBAFB19625C74352EF94 /* Pods-RickAndMortyApp.release.xcconfig */;
			buildSettings = {
				ASSETCATALOG_COMPILER_APPICON_NAME = AppIcon;
				CODE_SIGN_STYLE = Automatic;
				DEVELOPMENT_TEAM = 5J9V6AP2FM;
				INFOPLIST_FILE = RickAndMortyApp/Info.plist;
				IPHONEOS_DEPLOYMENT_TARGET = 13.0;
				LD_RUNPATH_SEARCH_PATHS = (
					"$(inherited)",
					"@executable_path/Frameworks",
				);
				PRODUCT_BUNDLE_IDENTIFIER = Hamzawi.RickAndMortyApp;
				PRODUCT_NAME = "$(TARGET_NAME)";
				SWIFT_VERSION = 5.0;
				TARGETED_DEVICE_FAMILY = "1,2";
			};
			name = Release;
		};
/* End XCBuildConfiguration section */

/* Begin XCConfigurationList section */
		851191612323D46700760E12 /* Build configuration list for PBXProject "RickAndMortyApp" */ = {
			isa = XCConfigurationList;
			buildConfigurations = (
				851191792323D46800760E12 /* Debug */,
				8511917A2323D46800760E12 /* Release */,
			);
			defaultConfigurationIsVisible = 0;
			defaultConfigurationName = Release;
		};
		8511917B2323D46800760E12 /* Build configuration list for PBXNativeTarget "RickAndMortyApp" */ = {
			isa = XCConfigurationList;
			buildConfigurations = (
				8511917C2323D46800760E12 /* Debug */,
				8511917D2323D46800760E12 /* Release */,
			);
			defaultConfigurationIsVisible = 0;
			defaultConfigurationName = Release;
		};
/* End XCConfigurationList section */

/* Begin XCVersionGroup section */
		851191702323D46700760E12 /* RickAndMortyApp.xcdatamodeld */ = {
			isa = XCVersionGroup;
			children = (
				851191712323D46700760E12 /* RickAndMortyApp.xcdatamodel */,
			);
			currentVersion = 851191712323D46700760E12 /* RickAndMortyApp.xcdatamodel */;
			path = RickAndMortyApp.xcdatamodeld;
			sourceTree = "<group>";
			versionGroupType = wrapper.xcdatamodel;
		};
/* End XCVersionGroup section */
	};
	rootObject = 8511915E2323D46700760E12 /* Project object */;
}
